
Microsoft Visual Studio Solution File, Format Version 12.00
# Visual Studio Version 16
VisualStudioVersion = 16.0.31410.357
MinimumVisualStudioVersion = 10.0.40219.1
Project("{FAE04EC0-301F-11D3-BF4B-00C04F79EFBC}") = "Multitenant_API_ASPNETCORE", "Multitenant_API_ASPNETCORE\Multitenant_API_ASPNETCORE.csproj", "{E3D3333B-7658-4F47-ACD0-E1A3660BE1EF}"
EndProject
Project("{FAE04EC0-301F-11D3-BF4B-00C04F79EFBC}") = "Core", "Core\Core.csproj", "{7A669A3B-EED5-447B-BD21-86155E481EA3}"
EndProject
Project("{FAE04EC0-301F-11D3-BF4B-00C04F79EFBC}") = "Data", "Data\Data.csproj", "{65C459CD-D69E-4832-A649-9D258D0EE5BE}"
EndProject
Global
	GlobalSection(SolutionConfigurationPlatforms) = preSolution
		Debug|Any CPU = Debug|Any CPU
		Release|Any CPU = Release|Any CPU
	EndGlobalSection
	GlobalSection(ProjectConfigurationPlatforms) = postSolution
		{E3D3333B-7658-4F47-ACD0-E1A3660BE1EF}.Debug|Any CPU.ActiveCfg = Debug|Any CPU
		{E3D3333B-7658-4F47-ACD0-E1A3660BE1EF}.Debug|Any CPU.Build.0 = Debug|Any CPU
		{E3D3333B-7658-4F47-ACD0-E1A3660BE1EF}.Release|Any CPU.ActiveCfg = Release|Any CPU
		{E3D3333B-7658-4F47-ACD0-E1A3660BE1EF}.Release|Any CPU.Build.0 = Release|Any CPU
		{7A669A3B-EED5-447B-BD21-86155E481EA3}.Debug|Any CPU.ActiveCfg = Debug|Any CPU
		{7A669A3B-EED5-447B-BD21-86155E481EA3}.Debug|Any CPU.Build.0 = Debug|Any CPU
		{7A669A3B-EED5-447B-BD21-86155E481EA3}.Release|Any CPU.ActiveCfg = Release|Any CPU
		{7A669A3B-EED5-447B-BD21-86155E481EA3}.Release|Any CPU.Build.0 = Release|Any CPU
		{65C459CD-D69E-4832-A649-9D258D0EE5BE}.Debug|Any CPU.ActiveCfg = Debug|Any CPU
		{65C459CD-D69E-4832-A649-9D258D0EE5BE}.Debug|Any CPU.Build.0 = Debug|Any CPU
		{65C459CD-D69E-4832-A649-9D258D0EE5BE}.Release|Any CPU.ActiveCfg = Release|Any CPU
		{65C459CD-D69E-4832-A649-9D258D0EE5BE}.Release|Any CPU.Build.0 = Release|Any CPU
	EndGlobalSection
	GlobalSection(SolutionProperties) = preSolution
		HideSolutionNode = FALSE
	EndGlobalSection
	GlobalSection(ExtensibilityGlobals) = postSolution
		SolutionGuid = {8BA471B2-4071-4FD1-B03B-36FED95E2AB7}
	EndGlobalSection
EndGlobal
